{
  "requires": true,
  "lockfileVersion": 1,
  "dependencies": {
    "@ppzp/http-router": {
      "version": "0.0.0",
      "resolved": "https://registry.npmjs.org/@ppzp/http-router/-/http-router-0.0.0.tgz",
      "integrity": "sha512-UNTdZfTXs/sMLkeXMFVr/nP7Ewo2kb5PxCYtj8tst0Iy9sWcQtAEtiW+v/uBr0ieEd3Zuj2SSIZEiBVB0skJAg=="
    },
    "@ppzp/resh": {
      "version": "file:../../resh/ppzp-resh-0.0.2.tgz",
      "integrity": "sha512-T0rX5mA6mHLZb3esYt5nSKhpXcEqnhuiE9oIjFzEly8AJwGDrtZZhLIicrwMGogS9qjeVLynfG+Oxnb30Lv5tA=="
    },
    "@ppzp/simple-session": {
      "version": "file:../ppzp-simple-session-0.0.0.tgz",
      "integrity": "sha512-haTZth5Slf7QQ5pXP2uu6g2nED02q/dzglxll276SrEWMJeTnUNOUJTUvO+3zdN0AYN7y7csqeFj9Q+lQU77pA=="
    },
    "cookie": {
      "version": "0.4.1",
      "resolved": "https://registry.npmjs.org/cookie/-/cookie-0.4.1.tgz",
      "integrity": "sha512-ZwrFkGJxUR3EIoXtO+yVE69Eb7KlixbaeAWfBQB9vVsNn/o+Yw69gBWSSDK825hQNdN+wF8zELf3dFNl/kxkUA=="
    }
  }
}
